
Microsoft Visual Studio Solution File, Format Version 12.00
# Visual Studio Version 17
VisualStudioVersion = 17.12.35309.182
MinimumVisualStudioVersion = 10.0.40219.1
Project("{FAE04EC0-301F-11D3-BF4B-00C04F79EFBC}") = "TravelManagementSystem.Domain", "TravelManagementSystem.Domain\TravelManagementSystem.Domain.csproj", "{75026977-9DC3-4255-AA40-A9D36D5A354E}"
EndProject
Project("{2150E333-8FDC-42A3-9474-1A3956D46DE8}") = "Shared", "Shared", "{F281E6EF-B017-4387-9184-335F31AB43CF}"
EndProject
Project("{FAE04EC0-301F-11D3-BF4B-00C04F79EFBC}") = "TravelManagementSystem.Shared.Abstraction", "TravelManagementSystem.Shared.Abstraction\TravelManagementSystem.Shared.Abstraction.csproj", "{C6710FAA-5B43-4ECA-B6F1-EE86D594A27A}"
EndProject
Global
	GlobalSection(SolutionConfigurationPlatforms) = preSolution
		Debug|Any CPU = Debug|Any CPU
		Release|Any CPU = Release|Any CPU
	EndGlobalSection
	GlobalSection(ProjectConfigurationPlatforms) = postSolution
		{75026977-9DC3-4255-AA40-A9D36D5A354E}.Debug|Any CPU.ActiveCfg = Debug|Any CPU
		{75026977-9DC3-4255-AA40-A9D36D5A354E}.Debug|Any CPU.Build.0 = Debug|Any CPU
		{75026977-9DC3-4255-AA40-A9D36D5A354E}.Release|Any CPU.ActiveCfg = Release|Any CPU
		{75026977-9DC3-4255-AA40-A9D36D5A354E}.Release|Any CPU.Build.0 = Release|Any CPU
		{C6710FAA-5B43-4ECA-B6F1-EE86D594A27A}.Debug|Any CPU.ActiveCfg = Debug|Any CPU
		{C6710FAA-5B43-4ECA-B6F1-EE86D594A27A}.Debug|Any CPU.Build.0 = Debug|Any CPU
		{C6710FAA-5B43-4ECA-B6F1-EE86D594A27A}.Release|Any CPU.ActiveCfg = Release|Any CPU
		{C6710FAA-5B43-4ECA-B6F1-EE86D594A27A}.Release|Any CPU.Build.0 = Release|Any CPU
	EndGlobalSection
	GlobalSection(SolutionProperties) = preSolution
		HideSolutionNode = FALSE
	EndGlobalSection
	GlobalSection(NestedProjects) = preSolution
		{C6710FAA-5B43-4ECA-B6F1-EE86D594A27A} = {F281E6EF-B017-4387-9184-335F31AB43CF}
	EndGlobalSection
	GlobalSection(ExtensibilityGlobals) = postSolution
		SolutionGuid = {E2F565A7-F5F8-4117-9D0F-C424F43C79D8}
	EndGlobalSection
EndGlobal
