
Microsoft Visual Studio Solution File, Format Version 12.00
# Visual Studio Version 17
VisualStudioVersion = 17.12.35309.182
MinimumVisualStudioVersion = 10.0.40219.1
Project("{FAE04EC0-301F-11D3-BF4B-00C04F79EFBC}") = "TravelManagementSystem.Domain", "TravelManagementSystem.Domain\TravelManagementSystem.Domain.csproj", "{75026977-9DC3-4255-AA40-A9D36D5A354E}"
EndProject
Project("{2150E333-8FDC-42A3-9474-1A3956D46DE8}") = "Shared", "Shared", "{F281E6EF-B017-4387-9184-335F31AB43CF}"
EndProject
Project("{FAE04EC0-301F-11D3-BF4B-00C04F79EFBC}") = "TravelManagementSystem.Shared.Abstraction", "TravelManagementSystem.Shared.Abstraction\TravelManagementSystem.Shared.Abstraction.csproj", "{C6710FAA-5B43-4ECA-B6F1-EE86D594A27A}"
EndProject
Project("{FAE04EC0-301F-11D3-BF4B-00C04F79EFBC}") = "TravelManagementSystem.Application", "TravelManagementSystem.Application\TravelManagementSystem.Application.csproj", "{7A48B2F2-AE58-4602-91F9-46CEE1107C06}"
EndProject
Project("{FAE04EC0-301F-11D3-BF4B-00C04F79EFBC}") = "TravelManagementSystem.Api", "TravelManagementSystem.Api\TravelManagementSystem.Api.csproj", "{AA758A62-4D0F-4446-908A-AEAF4DFA3A11}"
EndProject
Project("{FAE04EC0-301F-11D3-BF4B-00C04F79EFBC}") = "TravelManagementSystem.Shared", "TravelManagementSystem.Shared\TravelManagementSystem.Shared.csproj", "{F703D4DC-AE32-41A2-ABEE-CB15D26840BD}"
EndProject
Project("{FAE04EC0-301F-11D3-BF4B-00C04F79EFBC}") = "TravelManagementSystem.Infrastructure", "TravelManagementSystem.Infrastructure\TravelManagementSystem.Infrastructure.csproj", "{46DE2CCB-11F2-4A50-9795-FFA44D13B8AA}"
EndProject
Global
	GlobalSection(SolutionConfigurationPlatforms) = preSolution
		Debug|Any CPU = Debug|Any CPU
		Release|Any CPU = Release|Any CPU
	EndGlobalSection
	GlobalSection(ProjectConfigurationPlatforms) = postSolution
		{75026977-9DC3-4255-AA40-A9D36D5A354E}.Debug|Any CPU.ActiveCfg = Debug|Any CPU
		{75026977-9DC3-4255-AA40-A9D36D5A354E}.Debug|Any CPU.Build.0 = Debug|Any CPU
		{75026977-9DC3-4255-AA40-A9D36D5A354E}.Release|Any CPU.ActiveCfg = Release|Any CPU
		{75026977-9DC3-4255-AA40-A9D36D5A354E}.Release|Any CPU.Build.0 = Release|Any CPU
		{C6710FAA-5B43-4ECA-B6F1-EE86D594A27A}.Debug|Any CPU.ActiveCfg = Debug|Any CPU
		{C6710FAA-5B43-4ECA-B6F1-EE86D594A27A}.Debug|Any CPU.Build.0 = Debug|Any CPU
		{C6710FAA-5B43-4ECA-B6F1-EE86D594A27A}.Release|Any CPU.ActiveCfg = Release|Any CPU
		{C6710FAA-5B43-4ECA-B6F1-EE86D594A27A}.Release|Any CPU.Build.0 = Release|Any CPU
		{7A48B2F2-AE58-4602-91F9-46CEE1107C06}.Debug|Any CPU.ActiveCfg = Debug|Any CPU
		{7A48B2F2-AE58-4602-91F9-46CEE1107C06}.Debug|Any CPU.Build.0 = Debug|Any CPU
		{7A48B2F2-AE58-4602-91F9-46CEE1107C06}.Release|Any CPU.ActiveCfg = Release|Any CPU
		{7A48B2F2-AE58-4602-91F9-46CEE1107C06}.Release|Any CPU.Build.0 = Release|Any CPU
		{AA758A62-4D0F-4446-908A-AEAF4DFA3A11}.Debug|Any CPU.ActiveCfg = Debug|Any CPU
		{AA758A62-4D0F-4446-908A-AEAF4DFA3A11}.Debug|Any CPU.Build.0 = Debug|Any CPU
		{AA758A62-4D0F-4446-908A-AEAF4DFA3A11}.Release|Any CPU.ActiveCfg = Release|Any CPU
		{AA758A62-4D0F-4446-908A-AEAF4DFA3A11}.Release|Any CPU.Build.0 = Release|Any CPU
		{F703D4DC-AE32-41A2-ABEE-CB15D26840BD}.Debug|Any CPU.ActiveCfg = Debug|Any CPU
		{F703D4DC-AE32-41A2-ABEE-CB15D26840BD}.Debug|Any CPU.Build.0 = Debug|Any CPU
		{F703D4DC-AE32-41A2-ABEE-CB15D26840BD}.Release|Any CPU.ActiveCfg = Release|Any CPU
		{F703D4DC-AE32-41A2-ABEE-CB15D26840BD}.Release|Any CPU.Build.0 = Release|Any CPU
		{46DE2CCB-11F2-4A50-9795-FFA44D13B8AA}.Debug|Any CPU.ActiveCfg = Debug|Any CPU
		{46DE2CCB-11F2-4A50-9795-FFA44D13B8AA}.Debug|Any CPU.Build.0 = Debug|Any CPU
		{46DE2CCB-11F2-4A50-9795-FFA44D13B8AA}.Release|Any CPU.ActiveCfg = Release|Any CPU
		{46DE2CCB-11F2-4A50-9795-FFA44D13B8AA}.Release|Any CPU.Build.0 = Release|Any CPU
	EndGlobalSection
	GlobalSection(SolutionProperties) = preSolution
		HideSolutionNode = FALSE
	EndGlobalSection
	GlobalSection(NestedProjects) = preSolution
		{C6710FAA-5B43-4ECA-B6F1-EE86D594A27A} = {F281E6EF-B017-4387-9184-335F31AB43CF}
		{F703D4DC-AE32-41A2-ABEE-CB15D26840BD} = {F281E6EF-B017-4387-9184-335F31AB43CF}
	EndGlobalSection
	GlobalSection(ExtensibilityGlobals) = postSolution
		SolutionGuid = {E2F565A7-F5F8-4117-9D0F-C424F43C79D8}
	EndGlobalSection
EndGlobal
